
Microsoft Visual Studio Solution File, Format Version 12.00
# Visual Studio Version 17
VisualStudioVersion = 17.6.33723.286
MinimumVisualStudioVersion = 10.0.40219.1
Project("{FAE04EC0-301F-11D3-BF4B-00C04F79EFBC}") = "WpfApp", "WpfApp\WpfApp.csproj", "{46D79C92-E426-4B0E-96D6-11871C58188F}"
EndProject
Global
	GlobalSection(SolutionConfigurationPlatforms) = preSolution
		Debug|Any CPU = Debug|Any CPU
		Release|Any CPU = Release|Any CPU
	EndGlobalSection
	GlobalSection(ProjectConfigurationPlatforms) = postSolution
		{46D79C92-E426-4B0E-96D6-11871C58188F}.Debug|Any CPU.ActiveCfg = Debug|Any CPU
		{46D79C92-E426-4B0E-96D6-11871C58188F}.Debug|Any CPU.Build.0 = Debug|Any CPU
		{46D79C92-E426-4B0E-96D6-11871C58188F}.Release|Any CPU.ActiveCfg = Release|Any CPU
		{46D79C92-E426-4B0E-96D6-11871C58188F}.Release|Any CPU.Build.0 = Release|Any CPU
	EndGlobalSection
	GlobalSection(SolutionProperties) = preSolution
		HideSolutionNode = FALSE
	EndGlobalSection
	GlobalSection(ExtensibilityGlobals) = postSolution
		SolutionGuid = {711B6D0C-5D51-486B-9782-5B813B2AD0EF}
	EndGlobalSection
EndGlobal
